
Microsoft Visual Studio Solution File, Format Version 12.00
# Visual Studio Version 17
VisualStudioVersion = 17.13.35825.156
MinimumVisualStudioVersion = 10.0.40219.1
Project("{FAE04EC0-301F-11D3-BF4B-00C04F79EFBC}") = "BBI - MDM Workflow", "BBI - MDM Workflow.csproj", "{70C0D555-C026-408A-961F-27DBE2606536}"
EndProject
Project("{FAE04EC0-301F-11D3-BF4B-00C04F79EFBC}") = "BBIHardwareSupport.MDM.Core", "BBIHardwareSupport.MDM.Core\BBIHardwareSupport.MDM.Core.csproj", "{683D4781-57E1-44A0-827D-BCF9FC3CF011}"
EndProject
Project("{FAE04EC0-301F-11D3-BF4B-00C04F79EFBC}") = "BBIHardwareSupport.MDM.Tests", "tests\BBIHardwareSupport.MDM.Tests\BBIHardwareSupport.MDM.Tests.csproj", "{BF32F629-6293-4027-A612-410EEA1E688D}"
EndProject
Global
	GlobalSection(SolutionConfigurationPlatforms) = preSolution
		Debug|ARM64 = Debug|ARM64
		Debug|x64 = Debug|x64
		Debug|x86 = Debug|x86
		Release|ARM64 = Release|ARM64
		Release|x64 = Release|x64
		Release|x86 = Release|x86
	EndGlobalSection
	GlobalSection(ProjectConfigurationPlatforms) = postSolution
		{70C0D555-C026-408A-961F-27DBE2606536}.Debug|ARM64.ActiveCfg = Debug|ARM64
		{70C0D555-C026-408A-961F-27DBE2606536}.Debug|ARM64.Build.0 = Debug|ARM64
		{70C0D555-C026-408A-961F-27DBE2606536}.Debug|ARM64.Deploy.0 = Debug|ARM64
		{70C0D555-C026-408A-961F-27DBE2606536}.Debug|x64.ActiveCfg = Debug|x64
		{70C0D555-C026-408A-961F-27DBE2606536}.Debug|x64.Build.0 = Debug|x64
		{70C0D555-C026-408A-961F-27DBE2606536}.Debug|x64.Deploy.0 = Debug|x64
		{70C0D555-C026-408A-961F-27DBE2606536}.Debug|x86.ActiveCfg = Debug|x86
		{70C0D555-C026-408A-961F-27DBE2606536}.Debug|x86.Build.0 = Debug|x86
		{70C0D555-C026-408A-961F-27DBE2606536}.Debug|x86.Deploy.0 = Debug|x86
		{70C0D555-C026-408A-961F-27DBE2606536}.Release|ARM64.ActiveCfg = Release|ARM64
		{70C0D555-C026-408A-961F-27DBE2606536}.Release|ARM64.Build.0 = Release|ARM64
		{70C0D555-C026-408A-961F-27DBE2606536}.Release|ARM64.Deploy.0 = Release|ARM64
		{70C0D555-C026-408A-961F-27DBE2606536}.Release|x64.ActiveCfg = Release|x64
		{70C0D555-C026-408A-961F-27DBE2606536}.Release|x64.Build.0 = Release|x64
		{70C0D555-C026-408A-961F-27DBE2606536}.Release|x64.Deploy.0 = Release|x64
		{70C0D555-C026-408A-961F-27DBE2606536}.Release|x86.ActiveCfg = Release|x86
		{70C0D555-C026-408A-961F-27DBE2606536}.Release|x86.Build.0 = Release|x86
		{70C0D555-C026-408A-961F-27DBE2606536}.Release|x86.Deploy.0 = Release|x86
		{683D4781-57E1-44A0-827D-BCF9FC3CF011}.Debug|ARM64.ActiveCfg = Debug|Any CPU
		{683D4781-57E1-44A0-827D-BCF9FC3CF011}.Debug|ARM64.Build.0 = Debug|Any CPU
		{683D4781-57E1-44A0-827D-BCF9FC3CF011}.Debug|x64.ActiveCfg = Debug|Any CPU
		{683D4781-57E1-44A0-827D-BCF9FC3CF011}.Debug|x64.Build.0 = Debug|Any CPU
		{683D4781-57E1-44A0-827D-BCF9FC3CF011}.Debug|x86.ActiveCfg = Debug|Any CPU
		{683D4781-57E1-44A0-827D-BCF9FC3CF011}.Debug|x86.Build.0 = Debug|Any CPU
		{683D4781-57E1-44A0-827D-BCF9FC3CF011}.Release|ARM64.ActiveCfg = Release|Any CPU
		{683D4781-57E1-44A0-827D-BCF9FC3CF011}.Release|ARM64.Build.0 = Release|Any CPU
		{683D4781-57E1-44A0-827D-BCF9FC3CF011}.Release|x64.ActiveCfg = Release|Any CPU
		{683D4781-57E1-44A0-827D-BCF9FC3CF011}.Release|x64.Build.0 = Release|Any CPU
		{683D4781-57E1-44A0-827D-BCF9FC3CF011}.Release|x86.ActiveCfg = Release|Any CPU
		{683D4781-57E1-44A0-827D-BCF9FC3CF011}.Release|x86.Build.0 = Release|Any CPU
		{BF32F629-6293-4027-A612-410EEA1E688D}.Debug|ARM64.ActiveCfg = Debug|Any CPU
		{BF32F629-6293-4027-A612-410EEA1E688D}.Debug|ARM64.Build.0 = Debug|Any CPU
		{BF32F629-6293-4027-A612-410EEA1E688D}.Debug|x64.ActiveCfg = Debug|Any CPU
		{BF32F629-6293-4027-A612-410EEA1E688D}.Debug|x64.Build.0 = Debug|Any CPU
		{BF32F629-6293-4027-A612-410EEA1E688D}.Debug|x86.ActiveCfg = Debug|Any CPU
		{BF32F629-6293-4027-A612-410EEA1E688D}.Debug|x86.Build.0 = Debug|Any CPU
		{BF32F629-6293-4027-A612-410EEA1E688D}.Release|ARM64.ActiveCfg = Release|Any CPU
		{BF32F629-6293-4027-A612-410EEA1E688D}.Release|ARM64.Build.0 = Release|Any CPU
		{BF32F629-6293-4027-A612-410EEA1E688D}.Release|x64.ActiveCfg = Release|Any CPU
		{BF32F629-6293-4027-A612-410EEA1E688D}.Release|x64.Build.0 = Release|Any CPU
		{BF32F629-6293-4027-A612-410EEA1E688D}.Release|x86.ActiveCfg = Release|Any CPU
		{BF32F629-6293-4027-A612-410EEA1E688D}.Release|x86.Build.0 = Release|Any CPU
	EndGlobalSection
	GlobalSection(SolutionProperties) = preSolution
		HideSolutionNode = FALSE
	EndGlobalSection
	GlobalSection(ExtensibilityGlobals) = postSolution
		SolutionGuid = {ABDBC259-7DCF-437B-8551-0218E777240E}
	EndGlobalSection
EndGlobal
